
Microsoft Visual Studio Solution File, Format Version 12.00
# Visual Studio 15
VisualStudioVersion = 15.0.27428.2027
MinimumVisualStudioVersion = 10.0.40219.1
Project("{E24C65DC-7377-472B-9ABA-BC803B73C61A}") = "Juna", "Juna\", "{48659527-C1EF-4F3F-B229-85CA443EC3AB}"
	ProjectSection(WebsiteProperties) = preProject
		TargetFrameworkMoniker = ".NETFramework,Version%3Dv4.7.1"
		Debug.AspNetCompiler.VirtualPath = "/localhost_55597"
		Debug.AspNetCompiler.PhysicalPath = "Juna\"
		Debug.AspNetCompiler.TargetPath = "PrecompiledWeb\localhost_55597\"
		Debug.AspNetCompiler.Updateable = "true"
		Debug.AspNetCompiler.ForceOverwrite = "true"
		Debug.AspNetCompiler.FixedNames = "false"
		Debug.AspNetCompiler.Debug = "True"
		Release.AspNetCompiler.VirtualPath = "/localhost_55597"
		Release.AspNetCompiler.PhysicalPath = "Juna\"
		Release.AspNetCompiler.TargetPath = "PrecompiledWeb\localhost_55597\"
		Release.AspNetCompiler.Updateable = "true"
		Release.AspNetCompiler.ForceOverwrite = "true"
		Release.AspNetCompiler.FixedNames = "false"
		Release.AspNetCompiler.Debug = "False"
		VWDPort = "55597"
		SlnRelativePath = "Juna\"
		DefaultWebSiteLanguage = "Visual C#"
	EndProjectSection
EndProject
Project("{2150E333-8FDC-42A3-9474-1A3956D46DE8}") = "Solution Items", "Solution Items", "{A2797A1D-8C9F-4C0B-B7EE-C668292993C5}"
EndProject
Global
	GlobalSection(SolutionConfigurationPlatforms) = preSolution
		Debug|Any CPU = Debug|Any CPU
	EndGlobalSection
	GlobalSection(ProjectConfigurationPlatforms) = postSolution
		{48659527-C1EF-4F3F-B229-85CA443EC3AB}.Debug|Any CPU.ActiveCfg = Debug|Any CPU
		{48659527-C1EF-4F3F-B229-85CA443EC3AB}.Debug|Any CPU.Build.0 = Debug|Any CPU
	EndGlobalSection
	GlobalSection(SolutionProperties) = preSolution
		HideSolutionNode = FALSE
	EndGlobalSection
	GlobalSection(ExtensibilityGlobals) = postSolution
		SolutionGuid = {70E9DCC9-69F8-49E7-B54E-DC76FC5A9F38}
	EndGlobalSection
EndGlobal
